
Microsoft Visual Studio Solution File, Format Version 12.00
# Visual Studio Version 16
VisualStudioVersion = 16.0.30907.101
MinimumVisualStudioVersion = 10.0.40219.1
Project("{9A19103F-16F7-4668-BE54-9A1E7A4F7556}") = "kurs3", "kurs3\kurs3.csproj", "{195DBB18-8370-4F0C-AD8E-1832F2C43CB3}"
EndProject
Project("{FAE04EC0-301F-11D3-BF4B-00C04F79EFBC}") = "Koleksiyonlar", "Koleksiyonlar\Koleksiyonlar.csproj", "{0A6FD346-8A62-431C-A44F-86C9498EBFB5}"
EndProject
Project("{FAE04EC0-301F-11D3-BF4B-00C04F79EFBC}") = "Genericsİntro", "Genericsİntro\Genericsİntro.csproj", "{C40332F5-8196-4114-B208-291F9C24DF8C}"
EndProject
Global
	GlobalSection(SolutionConfigurationPlatforms) = preSolution
		Debug|Any CPU = Debug|Any CPU
		Release|Any CPU = Release|Any CPU
	EndGlobalSection
	GlobalSection(ProjectConfigurationPlatforms) = postSolution
		{195DBB18-8370-4F0C-AD8E-1832F2C43CB3}.Debug|Any CPU.ActiveCfg = Debug|Any CPU
		{195DBB18-8370-4F0C-AD8E-1832F2C43CB3}.Debug|Any CPU.Build.0 = Debug|Any CPU
		{195DBB18-8370-4F0C-AD8E-1832F2C43CB3}.Release|Any CPU.ActiveCfg = Release|Any CPU
		{195DBB18-8370-4F0C-AD8E-1832F2C43CB3}.Release|Any CPU.Build.0 = Release|Any CPU
		{0A6FD346-8A62-431C-A44F-86C9498EBFB5}.Debug|Any CPU.ActiveCfg = Debug|Any CPU
		{0A6FD346-8A62-431C-A44F-86C9498EBFB5}.Debug|Any CPU.Build.0 = Debug|Any CPU
		{0A6FD346-8A62-431C-A44F-86C9498EBFB5}.Release|Any CPU.ActiveCfg = Release|Any CPU
		{0A6FD346-8A62-431C-A44F-86C9498EBFB5}.Release|Any CPU.Build.0 = Release|Any CPU
		{C40332F5-8196-4114-B208-291F9C24DF8C}.Debug|Any CPU.ActiveCfg = Debug|Any CPU
		{C40332F5-8196-4114-B208-291F9C24DF8C}.Debug|Any CPU.Build.0 = Debug|Any CPU
		{C40332F5-8196-4114-B208-291F9C24DF8C}.Release|Any CPU.ActiveCfg = Release|Any CPU
		{C40332F5-8196-4114-B208-291F9C24DF8C}.Release|Any CPU.Build.0 = Release|Any CPU
	EndGlobalSection
	GlobalSection(SolutionProperties) = preSolution
		HideSolutionNode = FALSE
	EndGlobalSection
	GlobalSection(ExtensibilityGlobals) = postSolution
		SolutionGuid = {69389B8C-9170-4303-AFEC-8AECDA6FFB55}
	EndGlobalSection
EndGlobal
